<?xml version="1.0" encoding="utf-8"?>
<Project ToolsVersion="4.0" xmlns="http://schemas.microsoft.com/developer/msbuild/2003">
  <ItemGroup>
    <Filter Include="Source Files">
      <UniqueIdentifier>{4FC737F1-C7A5-4376-A066-2A32D752A2FF}</UniqueIdentifier>
      <Extensions>cpp;c;cc;cxx;def;odl;idl;hpj;bat;asm;asmx</Extensions>
    </Filter>
    <Filter Include="Header Files">
      <UniqueIdentifier>{93995380-89BD-4b04-88EB-625FBE52EBFB}</UniqueIdentifier>
      <Extensions>h;hpp;hxx;hm;inl;inc;xsd</Extensions>
      <ParseFiles>false</ParseFiles>
    </Filter>
    <Filter Include="Header Files\controllers">
      <UniqueIdentifier>{beac5c31-3639-43d2-9ae7-dafa2fa39142}</UniqueIdentifier>
    </Filter>
    <Filter Include="Header Files\datacollection">
      <UniqueIdentifier>{846b7632-fb6f-4cbf-9c1d-58e17146d1dc}</UniqueIdentifier>
    </Filter>
    <Filter Include="Header Files\positioning">
      <UniqueIdentifier>{949c756f-d7dd-4c28-ac79-e15a0728b19f}</UniqueIdentifier>
    </Filter>
    <Filter Include="Header Files\model">
      <UniqueIdentifier>{450ef34e-441d-4507-b891-ab381d96d817}</UniqueIdentifier>
    </Filter>
    <Filter Include="Header Files\srutil">
      <UniqueIdentifier>{b389e50d-89b6-40db-942d-9214bb22fb00}</UniqueIdentifier>
    </Filter>
    <Filter Include="Header Files\srutil\delegate">
      <UniqueIdentifier>{266e7507-f44a-4ba9-b1f9-e3fdf2faf974}</UniqueIdentifier>
    </Filter>
    <Filter Include="Header Files\srutil\event">
      <UniqueIdentifier>{972a347e-9008-45c6-b38b-185fbfddb01c}</UniqueIdentifier>
    </Filter>
    <Filter Include="Header Files\srutil\delegate\detail">
      <UniqueIdentifier>{b1a9b163-3c5b-440f-90eb-0e815627ae0f}</UniqueIdentifier>
    </Filter>
    <Filter Include="Header Files\display">
      <UniqueIdentifier>{8096ab8f-f1df-42b5-b62d-7044c863c213}</UniqueIdentifier>
    </Filter>
    <Filter Include="Header Files\display\opengl">
      <UniqueIdentifier>{7f438424-bd92-4815-82be-0b01bdce3ca3}</UniqueIdentifier>
    </Filter>
    <Filter Include="Header Files\display\model">
      <UniqueIdentifier>{a1bc6d4d-81d3-49ae-a062-4da6ba6a0eee}</UniqueIdentifier>
    </Filter>
    <Filter Include="Source Files\UI">
      <UniqueIdentifier>{5cd79be5-d217-4cda-b30b-989009e0e824}</UniqueIdentifier>
    </Filter>
    <Filter Include="Header Files\datastructures">
      <UniqueIdentifier>{6b67b632-5ce4-4b65-9613-8da18ddb3a43}</UniqueIdentifier>
    </Filter>
    <Filter Include="Header Files\userinterface">
      <UniqueIdentifier>{825cf253-e183-4fee-9bba-bbf5b3b5eec4}</UniqueIdentifier>
    </Filter>
    <Filter Include="Header Files\userinterface\uimodel">
      <UniqueIdentifier>{f3d307b2-7cf7-43de-88da-d9772f8e87b7}</UniqueIdentifier>
    </Filter>
    <Filter Include="Header Files\userinterface\events">
      <UniqueIdentifier>{4f4b4ab1-dad7-446a-a8fc-d6c423a14511}</UniqueIdentifier>
    </Filter>
    <Filter Include="Source Files\QR">
      <UniqueIdentifier>{5d24c69b-b2f7-4b23-8824-acdc425b5244}</UniqueIdentifier>
    </Filter>
    <Filter Include="Header Files\zxing">
      <UniqueIdentifier>{5b4294f2-92fc-448e-8931-542af6e5057c}</UniqueIdentifier>
    </Filter>
    <Filter Include="Header Files\zxing\qrcode">
      <UniqueIdentifier>{516d95af-1ba9-4e8b-8309-423eb48b03d9}</UniqueIdentifier>
    </Filter>
    <Filter Include="Header Files\zxing\qrcode\decoder">
      <UniqueIdentifier>{f31fa040-a3c9-4eb9-b3e5-961cf95768e5}</UniqueIdentifier>
    </Filter>
    <Filter Include="Header Files\positioning\qrcode">
      <UniqueIdentifier>{c3597c39-2965-4fc6-a091-27a083de0eed}</UniqueIdentifier>
    </Filter>
    <Filter Include="Header Files\zxing\common">
      <UniqueIdentifier>{933f5429-72bb-4a7a-b388-9e027892c237}</UniqueIdentifier>
    </Filter>
    <Filter Include="Header Files\zxing\qrcode\detector">
      <UniqueIdentifier>{66e40f3d-eee0-46bb-bc6d-16e5a5dfff41}</UniqueIdentifier>
    </Filter>
    <Filter Include="Header Files\zxing\common\reedsolomon">
      <UniqueIdentifier>{e6536336-eaa4-49c9-b577-bc9400d11eda}</UniqueIdentifier>
    </Filter>
    <Filter Include="Header Files\display\objloader">
      <UniqueIdentifier>{17a33725-21fa-4b38-84fe-99997199d41c}</UniqueIdentifier>
    </Filter>
    <Filter Include="Header Files\Resource Files">
      <UniqueIdentifier>{67DA6AB6-F800-4c08-8B7A-83BB121AAD01}</UniqueIdentifier>
      <Extensions>rc;ico;cur;bmp;dlg;rc2;rct;bin;rgs;gif;jpg;jpeg;jpe;resx;tiff;tif;png;wav</Extensions>
    </Filter>
    <Filter Include="Header Files\model\network">
      <UniqueIdentifier>{50743c8e-b76c-4080-9c0c-58fb145ac6cf}</UniqueIdentifier>
    </Filter>
    <Filter Include="Source Files\Network">
      <UniqueIdentifier>{f56eb4c6-44c9-4abb-8e7d-473246391613}</UniqueIdentifier>
    </Filter>
    <Filter Include="Header Files\model\concurrent">
      <UniqueIdentifier>{6092870e-478b-4dba-8b69-7a2f7797c380}</UniqueIdentifier>
    </Filter>
    <Filter Include="Header Files\positioning\fast">
      <UniqueIdentifier>{4ea7e6ca-30f9-4e41-8dd0-6de53ef34f32}</UniqueIdentifier>
    </Filter>
    <Filter Include="Header Files\util">
      <UniqueIdentifier>{02795942-e225-4b0a-a954-57f7f0e626b3}</UniqueIdentifier>
    </Filter>
  </ItemGroup>
  <ItemGroup>
    <ClCompile Include="..\jni\controllers\CalibrationController.cpp">
      <Filter>Source Files</Filter>
    </ClCompile>
    <ClCompile Include="..\jni\Main.cpp">
      <Filter>Source Files</Filter>
    </ClCompile>
    <ClCompile Include="..\jni\model\FrameItem.cpp">
      <Filter>Source Files</Filter>
    </ClCompile>
    <ClCompile Include="..\jni\controllers\Controller.hpp">
      <Filter>Header Files\controllers</Filter>
    </ClCompile>
    <ClCompile Include="..\jni\datacollection\ImageProcessor.cpp">
      <Filter>Source Files</Filter>
    </ClCompile>
    <ClCompile Include="..\jni\controllers\Controller.cpp">
      <Filter>Source Files</Filter>
    </ClCompile>
    <ClCompile Include="..\jni\userinterface\AndroidInputHandler.cpp">
      <Filter>Source Files</Filter>
    </ClCompile>
    <ClCompile Include="..\jni\userinterface\events\EventArgs.cpp">
      <Filter>Source Files</Filter>
    </ClCompile>
    <ClCompile Include="..\jni\display\opengl\QuadBackground.cpp">
      <Filter>Source Files</Filter>
    </ClCompile>
    <ClCompile Include="..\jni\VirtualDeclarations.cpp">
      <Filter>Source Files</Filter>
    </ClCompile>
    <ClCompile Include="..\jni\display\opengl\OpenGLHelper.cpp">
      <Filter>Source Files</Filter>
    </ClCompile>
    <ClCompile Include="..\jni\display\model\ARObject.cpp">
      <Filter>Header Files\display\model</Filter>
    </ClCompile>
    <ClCompile Include="..\jni\positioning\PositionPredictor.cpp">
      <Filter>Source Files</Filter>
    </ClCompile>
    <ClCompile Include="..\jni\display\model\AugmentedView.cpp">
      <Filter>Source Files</Filter>
    </ClCompile>
    <ClCompile Include="..\jni\controllers\ARController.cpp">
      <Filter>Source Files</Filter>
    </ClCompile>
    <ClCompile Include="..\jni\AmplifyRunner.cpp">
      <Filter>Source Files</Filter>
    </ClCompile>
    <ClCompile Include="..\jni\positioning\PositionSelector.cpp">
      <Filter>Source Files</Filter>
    </ClCompile>
    <ClCompile Include="..\jni\userinterface\uimodel\Button.cpp">
      <Filter>Source Files\UI</Filter>
    </ClCompile>
    <ClCompile Include="..\jni\userinterface\uimodel\Label.cpp">
      <Filter>Source Files\UI</Filter>
    </ClCompile>
    <ClCompile Include="..\jni\userinterface\uimodel\GridLayout.cpp">
      <Filter>Source Files\UI</Filter>
    </ClCompile>
    <ClCompile Include="..\jni\userinterface\uimodel\CertaintyIndicator.cpp">
      <Filter>Source Files\UI</Filter>
    </ClCompile>
    <ClCompile Include="..\jni\datastructures\CircularList.cpp">
      <Filter>Source Files</Filter>
    </ClCompile>
    <ClCompile Include="..\jni\userinterface\uimodel\NumberSpinner.cpp">
      <Filter>Source Files\UI</Filter>
    </ClCompile>
    <ClCompile Include="..\jni\controllers\StartupController.cpp">
      <Filter>Source Files</Filter>
    </ClCompile>
    <ClCompile Include="..\jni\datacollection\SensorCollector.cpp">
      <Filter>Source Files</Filter>
    </ClCompile>
    <ClCompile Include="..\jni\zxing\qrcode\ErrorCorrectionLevel.cpp">
      <Filter>Header Files\zxing\qrcode</Filter>
    </ClCompile>
    <ClCompile Include="..\jni\zxing\qrcode\FormatInformation.cpp">
      <Filter>Header Files\zxing\qrcode</Filter>
    </ClCompile>
    <ClCompile Include="..\jni\zxing\qrcode\QRCodeReader.cpp">
      <Filter>Header Files\zxing\qrcode</Filter>
    </ClCompile>
    <ClCompile Include="..\jni\zxing\qrcode\Version.cpp">
      <Filter>Header Files\zxing\qrcode</Filter>
    </ClCompile>
    <ClCompile Include="..\jni\zxing\qrcode\decoder\BitMatrixParser.cpp">
      <Filter>Header Files\zxing\qrcode\decoder</Filter>
    </ClCompile>
    <ClCompile Include="..\jni\zxing\qrcode\decoder\DataBlock.cpp">
      <Filter>Header Files\zxing\qrcode\decoder</Filter>
    </ClCompile>
    <ClCompile Include="..\jni\zxing\qrcode\decoder\DataMask.cpp">
      <Filter>Header Files\zxing\qrcode\decoder</Filter>
    </ClCompile>
    <ClCompile Include="..\jni\zxing\qrcode\decoder\DecodedBitStreamParser.cpp">
      <Filter>Header Files\zxing\qrcode\decoder</Filter>
    </ClCompile>
    <ClCompile Include="..\jni\zxing\qrcode\decoder\Decoder.cpp">
      <Filter>Header Files\zxing\qrcode\decoder</Filter>
    </ClCompile>
    <ClCompile Include="..\jni\zxing\qrcode\decoder\Mode.cpp">
      <Filter>Header Files\zxing\qrcode\decoder</Filter>
    </ClCompile>
    <ClCompile Include="..\jni\zxing\BarcodeFormat.cpp">
      <Filter>Header Files\zxing</Filter>
    </ClCompile>
    <ClCompile Include="..\jni\zxing\ResultPointCallback.cpp">
      <Filter>Header Files\zxing</Filter>
    </ClCompile>
    <ClCompile Include="..\jni\zxing\Binarizer.cpp">
      <Filter>Header Files\zxing</Filter>
    </ClCompile>
    <ClCompile Include="..\jni\zxing\BinaryBitmap.cpp">
      <Filter>Header Files\zxing</Filter>
    </ClCompile>
    <ClCompile Include="..\jni\zxing\DecodeHints.cpp">
      <Filter>Header Files\zxing</Filter>
    </ClCompile>
    <ClCompile Include="..\jni\zxing\Exception.cpp">
      <Filter>Header Files\zxing</Filter>
    </ClCompile>
    <ClCompile Include="..\jni\zxing\LuminanceSource.cpp">
      <Filter>Header Files\zxing</Filter>
    </ClCompile>
    <ClCompile Include="..\jni\zxing\MultiFormatReader.cpp">
      <Filter>Header Files\zxing</Filter>
    </ClCompile>
    <ClCompile Include="..\jni\zxing\Reader.cpp">
      <Filter>Header Files\zxing</Filter>
    </ClCompile>
    <ClCompile Include="..\jni\zxing\ReaderException.cpp">
      <Filter>Header Files\zxing</Filter>
    </ClCompile>
    <ClCompile Include="..\jni\zxing\Result.cpp">
      <Filter>Header Files\zxing</Filter>
    </ClCompile>
    <ClCompile Include="..\jni\zxing\ResultPoint.cpp">
      <Filter>Header Files\zxing</Filter>
    </ClCompile>
    <ClCompile Include="..\jni\positioning\qrcode\QRLocator.cpp">
      <Filter>Source Files\QR</Filter>
    </ClCompile>
    <ClCompile Include="..\jni\positioning\qrcode\QRFinder.cpp">
      <Filter>Source Files\QR</Filter>
    </ClCompile>
    <ClCompile Include="..\jni\positioning\qrcode\QRDecoder.cpp">
      <Filter>Source Files\QR</Filter>
    </ClCompile>
    <ClCompile Include="..\jni\positioning\qrcode\PerspectiveTransform.cpp">
      <Filter>Source Files\QR</Filter>
    </ClCompile>
    <ClCompile Include="..\jni\positioning\qrcode\FinderPatternHelper.cpp">
      <Filter>Source Files\QR</Filter>
    </ClCompile>
    <ClCompile Include="..\jni\zxing\common\Array.cpp">
      <Filter>Header Files\zxing\common</Filter>
    </ClCompile>
    <ClCompile Include="..\jni\zxing\common\BitArray.cpp">
      <Filter>Header Files\zxing\common</Filter>
    </ClCompile>
    <ClCompile Include="..\jni\zxing\common\BitMatrix.cpp">
      <Filter>Header Files\zxing\common</Filter>
    </ClCompile>
    <ClCompile Include="..\jni\zxing\common\BitSource.cpp">
      <Filter>Header Files\zxing\common</Filter>
    </ClCompile>
    <ClCompile Include="..\jni\zxing\common\Counted.cpp">
      <Filter>Header Files\zxing\common</Filter>
    </ClCompile>
    <ClCompile Include="..\jni\zxing\common\DecoderResult.cpp">
      <Filter>Header Files\zxing\common</Filter>
    </ClCompile>
    <ClCompile Include="..\jni\zxing\common\DetectorResult.cpp">
      <Filter>Header Files\zxing\common</Filter>
    </ClCompile>
    <ClCompile Include="..\jni\zxing\common\EdgeDetector.cpp">
      <Filter>Header Files\zxing\common</Filter>
    </ClCompile>
    <ClCompile Include="..\jni\zxing\common\GlobalHistogramBinarizer.cpp">
      <Filter>Header Files\zxing\common</Filter>
    </ClCompile>
    <ClCompile Include="..\jni\zxing\common\GreyscaleLuminanceSource.cpp">
      <Filter>Header Files\zxing\common</Filter>
    </ClCompile>
    <ClCompile Include="..\jni\zxing\common\GreyscaleRotatedLuminanceSource.cpp">
      <Filter>Header Files\zxing\common</Filter>
    </ClCompile>
    <ClCompile Include="..\jni\zxing\common\GridSampler.cpp">
      <Filter>Header Files\zxing\common</Filter>
    </ClCompile>
    <ClCompile Include="..\jni\zxing\common\HybridBinarizer.cpp">
      <Filter>Header Files\zxing\common</Filter>
    </ClCompile>
    <ClCompile Include="..\jni\zxing\common\IllegalArgumentException.cpp">
      <Filter>Header Files\zxing\common</Filter>
    </ClCompile>
    <ClCompile Include="..\jni\zxing\common\PerspectiveTransform.cpp">
      <Filter>Header Files\zxing\common</Filter>
    </ClCompile>
    <ClCompile Include="..\jni\zxing\common\Str.cpp">
      <Filter>Header Files\zxing\common</Filter>
    </ClCompile>
    <ClCompile Include="..\jni\zxing\qrcode\detector\AlignmentPattern.cpp">
      <Filter>Header Files\zxing\qrcode\detector</Filter>
    </ClCompile>
    <ClCompile Include="..\jni\zxing\qrcode\detector\AlignmentPatternFinder.cpp">
      <Filter>Header Files\zxing\qrcode\detector</Filter>
    </ClCompile>
    <ClCompile Include="..\jni\zxing\qrcode\detector\Detector.cpp">
      <Filter>Header Files\zxing\qrcode\detector</Filter>
    </ClCompile>
    <ClCompile Include="..\jni\zxing\qrcode\detector\FinderPattern.cpp">
      <Filter>Header Files\zxing\qrcode\detector</Filter>
    </ClCompile>
    <ClCompile Include="..\jni\zxing\qrcode\detector\FinderPatternFinder.cpp">
      <Filter>Header Files\zxing\qrcode\detector</Filter>
    </ClCompile>
    <ClCompile Include="..\jni\zxing\qrcode\detector\FinderPatternInfo.cpp">
      <Filter>Header Files\zxing\qrcode\detector</Filter>
    </ClCompile>
    <ClCompile Include="..\jni\zxing\qrcode\detector\QREdgeDetector.cpp">
      <Filter>Header Files\zxing\qrcode\detector</Filter>
    </ClCompile>
    <ClCompile Include="..\jni\zxing\common\reedsolomon\GF256.cpp">
      <Filter>Header Files\zxing\common\reedsolomon</Filter>
    </ClCompile>
    <ClCompile Include="..\jni\zxing\common\reedsolomon\GF256Poly.cpp">
      <Filter>Header Files\zxing\common\reedsolomon</Filter>
    </ClCompile>
    <ClCompile Include="..\jni\zxing\common\reedsolomon\ReedSolomonDecoder.cpp">
      <Filter>Header Files\zxing\common\reedsolomon</Filter>
    </ClCompile>
    <ClCompile Include="..\jni\zxing\common\reedsolomon\ReedSolomonException.cpp">
      <Filter>Header Files\zxing\common\reedsolomon</Filter>
    </ClCompile>
    <ClCompile Include="..\jni\controllers\ARControllerDebugUI.cpp">
      <Filter>Source Files</Filter>
    </ClCompile>
    <ClCompile Include="..\jni\userinterface\uimodel\DataDisplay.cpp">
      <Filter>Source Files\UI</Filter>
    </ClCompile>
    <ClCompile Include="..\jni\userinterface\uimodel\PageDisplay.cpp">
      <Filter>Source Files\UI</Filter>
    </ClCompile>
    <ClCompile Include="..\jni\display\objloader\list.cpp">
      <Filter>Header Files\display\objloader</Filter>
    </ClCompile>
    <ClCompile Include="..\jni\display\objloader\obj_parser.cpp">
      <Filter>Header Files\display\objloader</Filter>
    </ClCompile>
    <ClCompile Include="..\jni\display\objloader\objLoader.cpp">
      <Filter>Header Files\display\objloader</Filter>
    </ClCompile>
    <ClCompile Include="..\jni\display\objloader\string_extra.cpp">
      <Filter>Header Files\display\objloader</Filter>
    </ClCompile>
    <ClCompile Include="..\jni\display\opengl\OpenGL2Renderer.cpp">
      <Filter>Source Files</Filter>
    </ClCompile>
    <ClCompile Include="..\jni\model\network\RealmDefinition.cpp">
      <Filter>Header Files\model\network</Filter>
    </ClCompile>
    <ClCompile Include="..\jni\model\ResourceManager.cpp">
      <Filter>Source Files\Network</Filter>
    </ClCompile>
    <ClCompile Include="..\jni\model\WorldLoader.cpp">
      <Filter>Header Files\model</Filter>
    </ClCompile>
    <ClCompile Include="..\jni\datacollection\ImageCollector.cpp">
      <Filter>Source Files</Filter>
    </ClCompile>
    <ClCompile Include="..\jni\userinterface\uimodel\SelectBox.cpp">
      <Filter>Source Files\UI</Filter>
    </ClCompile>
    <ClCompile Include="..\jni\positioning\fast\FastQRFinder.cpp">
      <Filter>Source Files\QR</Filter>
    </ClCompile>
    <ClCompile Include="..\jni\positioning\fast\FastTracking.cpp">
      <Filter>Source Files\QR</Filter>
    </ClCompile>
    <ClCompile Include="..\jni\positioning\qrcode\QRCode.cpp">
      <Filter>Header Files\positioning\qrcode</Filter>
    </ClCompile>
    <ClCompile Include="..\jni\display\DebugDrawing.cpp">
      <Filter>Header Files\display</Filter>
    </ClCompile>
    <ClCompile Include="..\jni\userinterface\uimodel\TabDisplay.cpp">
      <Filter>Source Files\UI</Filter>
    </ClCompile>
    <ClCompile Include="..\jni\userinterface\uimodel\AlphaLayer.cpp">
      <Filter>Source Files\UI</Filter>
    </ClCompile>
    <ClCompile Include="..\jni\positioning\qrcode\FinderPattern.cpp">
      <Filter>Source Files\QR</Filter>
    </ClCompile>
    <ClCompile Include="..\jni\positioning\qrcode\AlignmentPatternHelper.cpp">
      <Filter>Source Files\QR</Filter>
    </ClCompile>
  </ItemGroup>
  <ItemGroup>
    <ClInclude Include="..\jni\ExceptionCodes.hpp">
      <Filter>Header Files</Filter>
    </ClInclude>
    <ClInclude Include="..\jni\LogDefinitions.h">
      <Filter>Header Files</Filter>
    </ClInclude>
    <ClInclude Include="..\jni\controllers\CalibrationController.hpp">
      <Filter>Header Files\controllers</Filter>
    </ClInclude>
    <ClInclude Include="..\jni\datacollection\ImageCollector.hpp">
      <Filter>Header Files\datacollection</Filter>
    </ClInclude>
    <ClInclude Include="..\jni\model\FrameItem.hpp">
      <Filter>Header Files\model</Filter>
    </ClInclude>
    <ClInclude Include="..\jni\datacollection\ImageProcessor.hpp">
      <Filter>Header Files\datacollection</Filter>
    </ClInclude>
    <ClInclude Include="..\jni\model\Engine.hpp">
      <Filter>Header Files\model</Filter>
    </ClInclude>
    <ClInclude Include="..\jni\userinterface\AndroidInputHandler.hpp">
      <Filter>Header Files\userinterface</Filter>
    </ClInclude>
    <ClInclude Include="..\jni\userinterface\uimodel\Button.hpp">
      <Filter>Header Files\userinterface\uimodel</Filter>
    </ClInclude>
    <ClInclude Include="..\jni\userinterface\uimodel\GridLayout.hpp">
      <Filter>Header Files\userinterface\uimodel</Filter>
    </ClInclude>
    <ClInclude Include="..\jni\srutil\delegate\delegate.hpp">
      <Filter>Header Files\srutil\delegate</Filter>
    </ClInclude>
    <ClInclude Include="..\jni\srutil\delegate\detail\delegate_list.hpp">
      <Filter>Header Files\srutil\delegate\detail</Filter>
    </ClInclude>
    <ClInclude Include="..\jni\srutil\delegate\detail\delegate_template.hpp">
      <Filter>Header Files\srutil\delegate\detail</Filter>
    </ClInclude>
    <ClInclude Include="..\jni\srutil\event\event.hpp">
      <Filter>Header Files\srutil\event</Filter>
    </ClInclude>
    <ClInclude Include="..\jni\userinterface\events\EventDelegates.hpp">
      <Filter>Header Files\userinterface\events</Filter>
    </ClInclude>
    <ClInclude Include="..\jni\userinterface\events\EventArgs.hpp">
      <Filter>Header Files\userinterface\events</Filter>
    </ClInclude>
    <ClInclude Include="..\jni\userinterface\uimodel\UIElement.hpp">
      <Filter>Header Files\userinterface\uimodel</Filter>
    </ClInclude>
    <ClInclude Include="..\jni\display\opengl\OpenGLRenderable.hpp">
      <Filter>Header Files\display\opengl</Filter>
    </ClInclude>
    <ClInclude Include="..\jni\display\opengl\OpenGL.hpp">
      <Filter>Header Files\display\opengl</Filter>
    </ClInclude>
    <ClInclude Include="..\jni\display\opengl\OpenGLHelper.hpp">
      <Filter>Header Files\display\opengl</Filter>
    </ClInclude>
    <ClInclude Include="..\jni\model\Updateable.hpp">
      <Filter>Header Files\model</Filter>
    </ClInclude>
    <ClInclude Include="..\jni\display\model\AugmentedView.hpp">
      <Filter>Header Files\display\model</Filter>
    </ClInclude>
    <ClInclude Include="..\jni\display\model\ARObject.hpp">
      <Filter>Header Files\display\model</Filter>
    </ClInclude>
    <ClInclude Include="..\jni\display\opengl\GLObject.hpp">
      <Filter>Header Files\display\opengl</Filter>
    </ClInclude>
    <ClInclude Include="..\jni\userinterface\uimodel\Label.hpp">
      <Filter>Header Files\userinterface\uimodel</Filter>
    </ClInclude>
    <ClInclude Include="..\jni\datacollection\SensorCollector.hpp">
      <Filter>Header Files\datacollection</Filter>
    </ClInclude>
    <ClInclude Include="..\jni\positioning\PositionPredictor.hpp">
      <Filter>Header Files\positioning</Filter>
    </ClInclude>
    <ClInclude Include="..\jni\model\SensorData.hpp">
      <Filter>Header Files\model</Filter>
    </ClInclude>
    <ClInclude Include="..\jni\controllers\ARController.hpp">
      <Filter>Header Files\controllers</Filter>
    </ClInclude>
    <ClInclude Include="..\jni\AmplifyRunner.hpp">
      <Filter>Header Files</Filter>
    </ClInclude>
    <ClInclude Include="..\jni\userinterface\uimodel\InputScaler.hpp">
      <Filter>Header Files\userinterface\uimodel</Filter>
    </ClInclude>
    <ClInclude Include="..\jni\model\Drawable.hpp">
      <Filter>Header Files\model</Filter>
    </ClInclude>
    <ClInclude Include="..\jni\positioning\PositionSelector.hpp">
      <Filter>Header Files\positioning</Filter>
    </ClInclude>
    <ClInclude Include="..\jni\userinterface\uimodel\CertaintyIndicator.hpp">
      <Filter>Header Files\userinterface\uimodel</Filter>
    </ClInclude>
    <ClInclude Include="..\jni\datastructures\CircularList.hpp">
      <Filter>Header Files\datastructures</Filter>
    </ClInclude>
    <ClInclude Include="..\jni\model\IDeletable.hpp">
      <Filter>Header Files\model</Filter>
    </ClInclude>
    <ClInclude Include="..\jni\userinterface\uimodel\UIElementCollection.hpp">
      <Filter>Header Files\userinterface\uimodel</Filter>
    </ClInclude>
    <ClInclude Include="..\jni\AmplifyRealityGlobals.hpp">
      <Filter>Header Files</Filter>
    </ClInclude>
    <ClInclude Include="..\jni\userinterface\uimodel\Panel.hpp">
      <Filter>Header Files\userinterface\uimodel</Filter>
    </ClInclude>
    <ClInclude Include="..\jni\userinterface\uimodel\NumberSpinner.hpp">
      <Filter>Header Files\userinterface\uimodel</Filter>
    </ClInclude>
    <ClInclude Include="..\jni\model\DebugShape.hpp">
      <Filter>Header Files\model</Filter>
    </ClInclude>
    <ClInclude Include="..\jni\userinterface\uimodel\DataDisplay.hpp">
      <Filter>Header Files\userinterface\uimodel</Filter>
    </ClInclude>
    <ClInclude Include="..\jni\controllers\StartupController.hpp">
      <Filter>Header Files\controllers</Filter>
    </ClInclude>
    <ClInclude Include="..\jni\zxing\BarcodeFormat.h">
      <Filter>Header Files\zxing</Filter>
    </ClInclude>
    <ClInclude Include="..\jni\zxing\Binarizer.h">
      <Filter>Header Files\zxing</Filter>
    </ClInclude>
    <ClInclude Include="..\jni\zxing\BinaryBitmap.h">
      <Filter>Header Files\zxing</Filter>
    </ClInclude>
    <ClInclude Include="..\jni\zxing\DecodeHints.h">
      <Filter>Header Files\zxing</Filter>
    </ClInclude>
    <ClInclude Include="..\jni\zxing\Exception.h">
      <Filter>Header Files\zxing</Filter>
    </ClInclude>
    <ClInclude Include="..\jni\zxing\LuminanceSource.h">
      <Filter>Header Files\zxing</Filter>
    </ClInclude>
    <ClInclude Include="..\jni\zxing\MultiFormatReader.h">
      <Filter>Header Files\zxing</Filter>
    </ClInclude>
    <ClInclude Include="..\jni\zxing\Reader.h">
      <Filter>Header Files\zxing</Filter>
    </ClInclude>
    <ClInclude Include="..\jni\zxing\ReaderException.h">
      <Filter>Header Files\zxing</Filter>
    </ClInclude>
    <ClInclude Include="..\jni\zxing\Result.h">
      <Filter>Header Files\zxing</Filter>
    </ClInclude>
    <ClInclude Include="..\jni\zxing\ResultPoint.h">
      <Filter>Header Files\zxing</Filter>
    </ClInclude>
    <ClInclude Include="..\jni\zxing\ResultPointCallback.h">
      <Filter>Header Files\zxing</Filter>
    </ClInclude>
    <ClInclude Include="..\jni\zxing\qrcode\ErrorCorrectionLevel.h">
      <Filter>Header Files\zxing\qrcode</Filter>
    </ClInclude>
    <ClInclude Include="..\jni\zxing\qrcode\FormatInformation.h">
      <Filter>Header Files\zxing\qrcode</Filter>
    </ClInclude>
    <ClInclude Include="..\jni\zxing\qrcode\QRCodeReader.h">
      <Filter>Header Files\zxing\qrcode</Filter>
    </ClInclude>
    <ClInclude Include="..\jni\zxing\qrcode\Version.h">
      <Filter>Header Files\zxing\qrcode</Filter>
    </ClInclude>
    <ClInclude Include="..\jni\zxing\qrcode\decoder\BitMatrixParser.h">
      <Filter>Header Files\zxing\qrcode\decoder</Filter>
    </ClInclude>
    <ClInclude Include="..\jni\zxing\qrcode\decoder\DataBlock.h">
      <Filter>Header Files\zxing\qrcode\decoder</Filter>
    </ClInclude>
    <ClInclude Include="..\jni\zxing\qrcode\decoder\DataMask.h">
      <Filter>Header Files\zxing\qrcode\decoder</Filter>
    </ClInclude>
    <ClInclude Include="..\jni\zxing\qrcode\decoder\DecodedBitStreamParser.h">
      <Filter>Header Files\zxing\qrcode\decoder</Filter>
    </ClInclude>
    <ClInclude Include="..\jni\zxing\qrcode\decoder\Decoder.h">
      <Filter>Header Files\zxing\qrcode\decoder</Filter>
    </ClInclude>
    <ClInclude Include="..\jni\zxing\qrcode\decoder\Mode.h">
      <Filter>Header Files\zxing\qrcode\decoder</Filter>
    </ClInclude>
    <ClInclude Include="..\jni\positioning\qrcode\AlignmentPatternHelper.hpp">
      <Filter>Header Files\positioning\qrcode</Filter>
    </ClInclude>
    <ClInclude Include="..\jni\positioning\qrcode\PerspectiveTransform.h">
      <Filter>Header Files\positioning\qrcode</Filter>
    </ClInclude>
    <ClInclude Include="..\jni\positioning\qrcode\QRCode.hpp">
      <Filter>Header Files\positioning\qrcode</Filter>
    </ClInclude>
    <ClInclude Include="..\jni\positioning\qrcode\QRDecoder.hpp">
      <Filter>Header Files\positioning\qrcode</Filter>
    </ClInclude>
    <ClInclude Include="..\jni\positioning\qrcode\QRLocator.hpp">
      <Filter>Header Files\positioning\qrcode</Filter>
    </ClInclude>
    <ClInclude Include="..\jni\zxing\common\Array.h">
      <Filter>Header Files\zxing\common</Filter>
    </ClInclude>
    <ClInclude Include="..\jni\zxing\common\BitArray.h">
      <Filter>Header Files\zxing\common</Filter>
    </ClInclude>
    <ClInclude Include="..\jni\zxing\common\BitMatrix.h">
      <Filter>Header Files\zxing\common</Filter>
    </ClInclude>
    <ClInclude Include="..\jni\zxing\common\BitSource.h">
      <Filter>Header Files\zxing\common</Filter>
    </ClInclude>
    <ClInclude Include="..\jni\zxing\common\Counted.h">
      <Filter>Header Files\zxing\common</Filter>
    </ClInclude>
    <ClInclude Include="..\jni\zxing\common\DecoderResult.h">
      <Filter>Header Files\zxing\common</Filter>
    </ClInclude>
    <ClInclude Include="..\jni\zxing\common\DetectorResult.h">
      <Filter>Header Files\zxing\common</Filter>
    </ClInclude>
    <ClInclude Include="..\jni\zxing\common\EdgeDetector.h">
      <Filter>Header Files\zxing\common</Filter>
    </ClInclude>
    <ClInclude Include="..\jni\zxing\common\GlobalHistogramBinarizer.h">
      <Filter>Header Files\zxing\common</Filter>
    </ClInclude>
    <ClInclude Include="..\jni\zxing\common\GreyscaleLuminanceSource.h">
      <Filter>Header Files\zxing\common</Filter>
    </ClInclude>
    <ClInclude Include="..\jni\zxing\common\GreyscaleRotatedLuminanceSource.h">
      <Filter>Header Files\zxing\common</Filter>
    </ClInclude>
    <ClInclude Include="..\jni\zxing\common\GridSampler.h">
      <Filter>Header Files\zxing\common</Filter>
    </ClInclude>
    <ClInclude Include="..\jni\zxing\common\HybridBinarizer.h">
      <Filter>Header Files\zxing\common</Filter>
    </ClInclude>
    <ClInclude Include="..\jni\zxing\common\IllegalArgumentException.h">
      <Filter>Header Files\zxing\common</Filter>
    </ClInclude>
    <ClInclude Include="..\jni\zxing\common\PerspectiveTransform.h">
      <Filter>Header Files\zxing\common</Filter>
    </ClInclude>
    <ClInclude Include="..\jni\zxing\common\Point.h">
      <Filter>Header Files\zxing\common</Filter>
    </ClInclude>
    <ClInclude Include="..\jni\zxing\common\Str.h">
      <Filter>Header Files\zxing\common</Filter>
    </ClInclude>
    <ClInclude Include="..\jni\zxing\qrcode\detector\AlignmentPattern.h">
      <Filter>Header Files\zxing\qrcode\detector</Filter>
    </ClInclude>
    <ClInclude Include="..\jni\zxing\qrcode\detector\AlignmentPatternFinder.h">
      <Filter>Header Files\zxing\qrcode\detector</Filter>
    </ClInclude>
    <ClInclude Include="..\jni\zxing\qrcode\detector\Detector.h">
      <Filter>Header Files\zxing\qrcode\detector</Filter>
    </ClInclude>
    <ClInclude Include="..\jni\zxing\qrcode\detector\FinderPattern.h">
      <Filter>Header Files\zxing\qrcode\detector</Filter>
    </ClInclude>
    <ClInclude Include="..\jni\zxing\qrcode\detector\FinderPatternFinder.h">
      <Filter>Header Files\zxing\qrcode\detector</Filter>
    </ClInclude>
    <ClInclude Include="..\jni\zxing\qrcode\detector\FinderPatternInfo.h">
      <Filter>Header Files\zxing\qrcode\detector</Filter>
    </ClInclude>
    <ClInclude Include="..\jni\zxing\qrcode\detector\QREdgeDetector.h">
      <Filter>Header Files\zxing\qrcode\detector</Filter>
    </ClInclude>
    <ClInclude Include="..\jni\zxing\common\reedsolomon\GF256.h">
      <Filter>Header Files\zxing\common\reedsolomon</Filter>
    </ClInclude>
    <ClInclude Include="..\jni\zxing\common\reedsolomon\GF256Poly.h">
      <Filter>Header Files\zxing\common\reedsolomon</Filter>
    </ClInclude>
    <ClInclude Include="..\jni\zxing\common\reedsolomon\ReedSolomonDecoder.h">
      <Filter>Header Files\zxing\common\reedsolomon</Filter>
    </ClInclude>
    <ClInclude Include="..\jni\zxing\common\reedsolomon\ReedSolomonException.h">
      <Filter>Header Files\zxing\common\reedsolomon</Filter>
    </ClInclude>
    <ClInclude Include="..\jni\userinterface\uimodel\PageDisplay.hpp">
      <Filter>Header Files\userinterface\uimodel</Filter>
    </ClInclude>
    <ClInclude Include="..\jni\display\objloader\list.h">
      <Filter>Header Files\display\objloader</Filter>
    </ClInclude>
    <ClInclude Include="..\jni\display\objloader\obj_parser.h">
      <Filter>Header Files\display\objloader</Filter>
    </ClInclude>
    <ClInclude Include="..\jni\display\objloader\objLoader.h">
      <Filter>Header Files\display\objloader</Filter>
    </ClInclude>
    <ClInclude Include="..\jni\display\objloader\string_extra.h">
      <Filter>Header Files\display\objloader</Filter>
    </ClInclude>
    <ClInclude Include="..\jni\userinterface\uimodel\GraphicalUIElement.hpp">
      <Filter>Header Files\userinterface\uimodel</Filter>
    </ClInclude>
    <ClInclude Include="..\jni\display\opengl\OpenGLRenderData.hpp">
      <Filter>Header Files\display\opengl</Filter>
    </ClInclude>
    <ClInclude Include="..\jni\display\opengl\QuadBackground.hpp">
      <Filter>Header Files\model</Filter>
    </ClInclude>
    <ClInclude Include="..\jni\userinterface\uimodel\UIConstants.hpp">
      <Filter>Header Files\userinterface\uimodel</Filter>
    </ClInclude>
    <ClInclude Include="..\jni\model\network\ARObjectDefinition.hpp">
      <Filter>Header Files\model\network</Filter>
    </ClInclude>
    <ClInclude Include="..\jni\model\network\RealmDefinition.hpp">
      <Filter>Header Files\model\network</Filter>
    </ClInclude>
    <ClInclude Include="..\jni\model\network\WavefrontModel.hpp">
      <Filter>Header Files\model\network</Filter>
    </ClInclude>
    <ClInclude Include="..\jni\model\ResourceManager.hpp">
      <Filter>Header Files\model</Filter>
    </ClInclude>
    <ClInclude Include="..\jni\model\network\ARCommunicator.hpp">
      <Filter>Header Files\model\network</Filter>
    </ClInclude>
    <ClInclude Include="..\jni\model\network\NetworkMessages.hpp">
      <Filter>Header Files\model\network</Filter>
    </ClInclude>
    <ClInclude Include="..\jni\model\WorldLoader.hpp">
      <Filter>Header Files\model</Filter>
    </ClInclude>
    <ClInclude Include="..\jni\userinterface\uimodel\SelectBox.hpp">
      <Filter>Header Files\userinterface\uimodel</Filter>
    </ClInclude>
    <ClInclude Include="..\jni\controllers\ARControllerDebugUI.hpp">
      <Filter>Header Files\controllers</Filter>
    </ClInclude>
    <ClInclude Include="..\jni\model\concurrent\ThreadedClass.hpp">
      <Filter>Header Files\model\concurrent</Filter>
    </ClInclude>
    <ClInclude Include="..\jni\positioning\fast\FastQRFinder.hpp">
      <Filter>Header Files\positioning\fast</Filter>
    </ClInclude>
    <ClInclude Include="..\jni\positioning\fast\FastTracking.hpp">
      <Filter>Header Files\positioning\fast</Filter>
    </ClInclude>
    <ClInclude Include="..\jni\display\Colors.hpp">
      <Filter>Header Files\display</Filter>
    </ClInclude>
    <ClInclude Include="..\jni\positioning\qrcode\QRFinder.hpp">
      <Filter>Header Files\positioning\qrcode</Filter>
    </ClInclude>
    <ClInclude Include="..\jni\userinterface\uimodel\TabDisplay.hpp">
      <Filter>Header Files\userinterface\uimodel</Filter>
    </ClInclude>
    <ClInclude Include="..\jni\userinterface\uimodel\AlphaLayer.hpp">
      <Filter>Header Files\userinterface\uimodel</Filter>
    </ClInclude>
    <ClInclude Include="..\jni\positioning\qrcode\FinderPattern.hpp">
      <Filter>Header Files\positioning\qrcode</Filter>
    </ClInclude>
    <ClInclude Include="..\jni\util\GeometryUtil.hpp">
      <Filter>Header Files\util</Filter>
    </ClInclude>
  </ItemGroup>
  <ItemGroup>
    <None Include="..\jni\Android.mk" />
    <None Include="..\jni\Application.mk" />
  </ItemGroup>
</Project>